
Microsoft Visual Studio Solution File, Format Version 12.00
# Visual Studio Version 17
VisualStudioVersion = 17.3.32825.248
MinimumVisualStudioVersion = 10.0.40219.1
Project("{FAE04EC0-301F-11D3-BF4B-00C04F79EFBC}") = "Devs2Blu.ProjetosAula.SistemaCadastro.Models", "src\Devs2Blu.ProjetosAula.OOP3.Models\Devs2Blu.ProjetosAula.SistemaCadastro.Models.csproj", "{B0EE98FA-AE76-4CA8-9D17-ABB5AAD87A18}"
EndProject
Project("{FAE04EC0-301F-11D3-BF4B-00C04F79EFBC}") = "Devs2Blu.ProjetoAula.SistemaCadastro.Forms", "src\Devs2Blu.ProjetoAula.SistemaCadastro.Forms\Devs2Blu.ProjetoAula.SistemaCadastro.Forms.csproj", "{7EE02576-87D3-4307-B23F-A5A981E110C5}"
EndProject
Global
	GlobalSection(SolutionConfigurationPlatforms) = preSolution
		Debug|Any CPU = Debug|Any CPU
		Release|Any CPU = Release|Any CPU
	EndGlobalSection
	GlobalSection(ProjectConfigurationPlatforms) = postSolution
		{B0EE98FA-AE76-4CA8-9D17-ABB5AAD87A18}.Debug|Any CPU.ActiveCfg = Debug|Any CPU
		{B0EE98FA-AE76-4CA8-9D17-ABB5AAD87A18}.Debug|Any CPU.Build.0 = Debug|Any CPU
		{B0EE98FA-AE76-4CA8-9D17-ABB5AAD87A18}.Release|Any CPU.ActiveCfg = Release|Any CPU
		{B0EE98FA-AE76-4CA8-9D17-ABB5AAD87A18}.Release|Any CPU.Build.0 = Release|Any CPU
		{7EE02576-87D3-4307-B23F-A5A981E110C5}.Debug|Any CPU.ActiveCfg = Debug|Any CPU
		{7EE02576-87D3-4307-B23F-A5A981E110C5}.Debug|Any CPU.Build.0 = Debug|Any CPU
		{7EE02576-87D3-4307-B23F-A5A981E110C5}.Release|Any CPU.ActiveCfg = Release|Any CPU
		{7EE02576-87D3-4307-B23F-A5A981E110C5}.Release|Any CPU.Build.0 = Release|Any CPU
	EndGlobalSection
	GlobalSection(SolutionProperties) = preSolution
		HideSolutionNode = FALSE
	EndGlobalSection
	GlobalSection(ExtensibilityGlobals) = postSolution
		SolutionGuid = {B2F0A340-0EA8-4E4F-B385-E5E6B949DE5A}
	EndGlobalSection
EndGlobal
